// !$*UTF8*$!
{
	archiveVersion = 1;
	classes = {
	};
	objectVersion = 46;
	objects = {

/* Begin PBXBuildFile section */
		CAAA6B191A6DFE0C00E6C5A8 /* Numeric.framework in Frameworks */ = {isa = PBXBuildFile; fileRef = CAAA6B0D1A6DFE0C00E6C5A8 /* Numeric.framework */; };
		CAAA6B201A6DFE0C00E6C5A8 /* NumericTests.swift in Sources */ = {isa = PBXBuildFile; fileRef = CAAA6B1F1A6DFE0C00E6C5A8 /* NumericTests.swift */; };
		CAAA6B2A1A6DFE2200E6C5A8 /* Numeric.swift in Sources */ = {isa = PBXBuildFile; fileRef = CAAA6B291A6DFE2200E6C5A8 /* Numeric.swift */; };
		CAAA6B2B1A6DFFEB00E6C5A8 /* Numeric.h in Headers */ = {isa = PBXBuildFile; fileRef = CAAA6B121A6DFE0C00E6C5A8 /* Numeric.h */; settings = {ATTRIBUTES = (Public, ); }; };
		CAAA6B2C1A6E005100E6C5A8 /* Numeric.swift in Sources */ = {isa = PBXBuildFile; fileRef = CAAA6B291A6DFE2200E6C5A8 /* Numeric.swift */; };
/* End PBXBuildFile section */

/* Begin PBXContainerItemProxy section */
		CAAA6B1A1A6DFE0C00E6C5A8 /* PBXContainerItemProxy */ = {
			isa = PBXContainerItemProxy;
			containerPortal = CAAA6B041A6DFE0C00E6C5A8 /* Project object */;
			proxyType = 1;
			remoteGlobalIDString = CAAA6B0C1A6DFE0C00E6C5A8;
			remoteInfo = Numeric;
		};
/* End PBXContainerItemProxy section */

/* Begin PBXFileReference section */
		CAAA6B0D1A6DFE0C00E6C5A8 /* Numeric.framework */ = {isa = PBXFileReference; explicitFileType = wrapper.framework; includeInIndex = 0; path = Numeric.framework; sourceTree = BUILT_PRODUCTS_DIR; };
		CAAA6B111A6DFE0C00E6C5A8 /* Info.plist */ = {isa = PBXFileReference; lastKnownFileType = text.plist.xml; path = Info.plist; sourceTree = "<group>"; };
		CAAA6B121A6DFE0C00E6C5A8 /* Numeric.h */ = {isa = PBXFileReference; lastKnownFileType = sourcecode.c.h; path = Numeric.h; sourceTree = "<group>"; };
		CAAA6B181A6DFE0C00E6C5A8 /* NumericTests.xctest */ = {isa = PBXFileReference; explicitFileType = wrapper.cfbundle; includeInIndex = 0; path = NumericTests.xctest; sourceTree = BUILT_PRODUCTS_DIR; };
		CAAA6B1E1A6DFE0C00E6C5A8 /* Info.plist */ = {isa = PBXFileReference; lastKnownFileType = text.plist.xml; path = Info.plist; sourceTree = "<group>"; };
		CAAA6B1F1A6DFE0C00E6C5A8 /* NumericTests.swift */ = {isa = PBXFileReference; lastKnownFileType = sourcecode.swift; path = NumericTests.swift; sourceTree = "<group>"; };
		CAAA6B291A6DFE2200E6C5A8 /* Numeric.swift */ = {isa = PBXFileReference; fileEncoding = 4; lastKnownFileType = sourcecode.swift; path = Numeric.swift; sourceTree = "<group>"; };
/* End PBXFileReference section */

/* Begin PBXFrameworksBuildPhase section */
		CAAA6B091A6DFE0C00E6C5A8 /* Frameworks */ = {
			isa = PBXFrameworksBuildPhase;
			buildActionMask = 2147483647;
			files = (
			);
			runOnlyForDeploymentPostprocessing = 0;
		};
		CAAA6B151A6DFE0C00E6C5A8 /* Frameworks */ = {
			isa = PBXFrameworksBuildPhase;
			buildActionMask = 2147483647;
			files = (
				CAAA6B191A6DFE0C00E6C5A8 /* Numeric.framework in Frameworks */,
			);
			runOnlyForDeploymentPostprocessing = 0;
		};
/* End PBXFrameworksBuildPhase section */

/* Begin PBXGroup section */
		CAAA6B031A6DFE0C00E6C5A8 = {
			isa = PBXGroup;
			children = (
				CAAA6B0F1A6DFE0C00E6C5A8 /* Numeric */,
				CAAA6B1C1A6DFE0C00E6C5A8 /* NumericTests */,
				CAAA6B0E1A6DFE0C00E6C5A8 /* Products */,
			);
			sourceTree = "<group>";
		};
		CAAA6B0E1A6DFE0C00E6C5A8 /* Products */ = {
			isa = PBXGroup;
			children = (
				CAAA6B0D1A6DFE0C00E6C5A8 /* Numeric.framework */,
				CAAA6B181A6DFE0C00E6C5A8 /* NumericTests.xctest */,
			);
			name = Products;
			sourceTree = "<group>";
		};
		CAAA6B0F1A6DFE0C00E6C5A8 /* Numeric */ = {
			isa = PBXGroup;
			children = (
				CAAA6B121A6DFE0C00E6C5A8 /* Numeric.h */,
				CAAA6B291A6DFE2200E6C5A8 /* Numeric.swift */,
				CAAA6B101A6DFE0C00E6C5A8 /* Supporting Files */,
			);
			path = Numeric;
			sourceTree = "<group>";
		};
		CAAA6B101A6DFE0C00E6C5A8 /* Supporting Files */ = {
			isa = PBXGroup;
			children = (
				CAAA6B111A6DFE0C00E6C5A8 /* Info.plist */,
			);
			name = "Supporting Files";
			sourceTree = "<group>";
		};
		CAAA6B1C1A6DFE0C00E6C5A8 /* NumericTests */ = {
			isa = PBXGroup;
			children = (
				CAAA6B1F1A6DFE0C00E6C5A8 /* NumericTests.swift */,
				CAAA6B1D1A6DFE0C00E6C5A8 /* Supporting Files */,
			);
			path = NumericTests;
			sourceTree = "<group>";
		};
		CAAA6B1D1A6DFE0C00E6C5A8 /* Supporting Files */ = {
			isa = PBXGroup;
			children = (
				CAAA6B1E1A6DFE0C00E6C5A8 /* Info.plist */,
			);
			name = "Supporting Files";
			sourceTree = "<group>";
		};
/* End PBXGroup section */

/* Begin PBXHeadersBuildPhase section */
		CAAA6B0A1A6DFE0C00E6C5A8 /* Headers */ = {
			isa = PBXHeadersBuildPhase;
			buildActionMask = 2147483647;
			files = (
				CAAA6B2B1A6DFFEB00E6C5A8 /* Numeric.h in Headers */,
			);
			runOnlyForDeploymentPostprocessing = 0;
		};
/* End PBXHeadersBuildPhase section */

/* Begin PBXNativeTarget section */
		CAAA6B0C1A6DFE0C00E6C5A8 /* Numeric */ = {
			isa = PBXNativeTarget;
			buildConfigurationList = CAAA6B231A6DFE0C00E6C5A8 /* Build configuration list for PBXNativeTarget "Numeric" */;
			buildPhases = (
				CAAA6B081A6DFE0C00E6C5A8 /* Sources */,
				CAAA6B091A6DFE0C00E6C5A8 /* Frameworks */,
				CAAA6B0A1A6DFE0C00E6C5A8 /* Headers */,
				CAAA6B0B1A6DFE0C00E6C5A8 /* Resources */,
			);
			buildRules = (
			);
			dependencies = (
			);
			name = Numeric;
			productName = Numeric;
			productReference = CAAA6B0D1A6DFE0C00E6C5A8 /* Numeric.framework */;
			productType = "com.apple.product-type.framework";
		};
		CAAA6B171A6DFE0C00E6C5A8 /* NumericTests */ = {
			isa = PBXNativeTarget;
			buildConfigurationList = CAAA6B261A6DFE0C00E6C5A8 /* Build configuration list for PBXNativeTarget "NumericTests" */;
			buildPhases = (
				CAAA6B141A6DFE0C00E6C5A8 /* Sources */,
				CAAA6B151A6DFE0C00E6C5A8 /* Frameworks */,
				CAAA6B161A6DFE0C00E6C5A8 /* Resources */,
			);
			buildRules = (
			);
			dependencies = (
				CAAA6B1B1A6DFE0C00E6C5A8 /* PBXTargetDependency */,
			);
			name = NumericTests;
			productName = NumericTests;
			productReference = CAAA6B181A6DFE0C00E6C5A8 /* NumericTests.xctest */;
			productType = "com.apple.product-type.bundle.unit-test";
		};
/* End PBXNativeTarget section */

/* Begin PBXProject section */
		CAAA6B041A6DFE0C00E6C5A8 /* Project object */ = {
			isa = PBXProject;
			attributes = {
				LastUpgradeCheck = 0610;
				ORGANIZATIONNAME = "Brandon Williams";
				TargetAttributes = {
					CAAA6B0C1A6DFE0C00E6C5A8 = {
						CreatedOnToolsVersion = 6.1.1;
					};
					CAAA6B171A6DFE0C00E6C5A8 = {
						CreatedOnToolsVersion = 6.1.1;
					};
				};
			};
			buildConfigurationList = CAAA6B071A6DFE0C00E6C5A8 /* Build configuration list for PBXProject "Numeric" */;
			compatibilityVersion = "Xcode 3.2";
			developmentRegion = English;
			hasScannedForEncodings = 0;
			knownRegions = (
				en,
			);
			mainGroup = CAAA6B031A6DFE0C00E6C5A8;
			productRefGroup = CAAA6B0E1A6DFE0C00E6C5A8 /* Products */;
			projectDirPath = "";
			projectRoot = "";
			targets = (
				CAAA6B0C1A6DFE0C00E6C5A8 /* Numeric */,
				CAAA6B171A6DFE0C00E6C5A8 /* NumericTests */,
			);
		};
/* End PBXProject section */

/* Begin PBXResourcesBuildPhase section */
		CAAA6B0B1A6DFE0C00E6C5A8 /* Resources */ = {
			isa = PBXResourcesBuildPhase;
			buildActionMask = 2147483647;
			files = (
			);
			runOnlyForDeploymentPostprocessing = 0;
		};
		CAAA6B161A6DFE0C00E6C5A8 /* Resources */ = {
			isa = PBXResourcesBuildPhase;
			buildActionMask = 2147483647;
			files = (
			);
			runOnlyForDeploymentPostprocessing = 0;
		};
/* End PBXResourcesBuildPhase section */

/* Begin PBXSourcesBuildPhase section */
		CAAA6B081A6DFE0C00E6C5A8 /* Sources */ = {
			isa = PBXSourcesBuildPhase;
			buildActionMask = 2147483647;
			files = (
				CAAA6B2A1A6DFE2200E6C5A8 /* Numeric.swift in Sources */,
			);
			runOnlyForDeploymentPostprocessing = 0;
		};
		CAAA6B141A6DFE0C00E6C5A8 /* Sources */ = {
			isa = PBXSourcesBuildPhase;
			buildActionMask = 2147483647;
			files = (
				CAAA6B201A6DFE0C00E6C5A8 /* NumericTests.swift in Sources */,
				CAAA6B2C1A6E005100E6C5A8 /* Numeric.swift in Sources */,
			);
			runOnlyForDeploymentPostprocessing = 0;
		};
/* End PBXSourcesBuildPhase section */

/* Begin PBXTargetDependency section */
		CAAA6B1B1A6DFE0C00E6C5A8 /* PBXTargetDependency */ = {
			isa = PBXTargetDependency;
			target = CAAA6B0C1A6DFE0C00E6C5A8 /* Numeric */;
			targetProxy = CAAA6B1A1A6DFE0C00E6C5A8 /* PBXContainerItemProxy */;
		};
/* End PBXTargetDependency section */

/* Begin XCBuildConfiguration section */
		CAAA6B211A6DFE0C00E6C5A8 /* Debug */ = {
			isa = XCBuildConfiguration;
			buildSettings = {
				ALWAYS_SEARCH_USER_PATHS = NO;
				CLANG_CXX_LANGUAGE_STANDARD = "gnu++0x";
				CLANG_CXX_LIBRARY = "libc++";
				CLANG_ENABLE_MODULES = YES;
				CLANG_ENABLE_OBJC_ARC = YES;
				CLANG_WARN_BOOL_CONVERSION = YES;
				CLANG_WARN_CONSTANT_CONVERSION = YES;
				CLANG_WARN_DIRECT_OBJC_ISA_USAGE = YES_ERROR;
				CLANG_WARN_EMPTY_BODY = YES;
				CLANG_WARN_ENUM_CONVERSION = YES;
				CLANG_WARN_INT_CONVERSION = YES;
				CLANG_WARN_OBJC_ROOT_CLASS = YES_ERROR;
				CLANG_WARN_UNREACHABLE_CODE = YES;
				CLANG_WARN__DUPLICATE_METHOD_MATCH = YES;
				"CODE_SIGN_IDENTITY[sdk=iphoneos*]" = "iPhone Developer";
				COPY_PHASE_STRIP = NO;
				CURRENT_PROJECT_VERSION = 1;
				DEFINES_MODULE = YES;
				ENABLE_STRICT_OBJC_MSGSEND = YES;
				GCC_C_LANGUAGE_STANDARD = gnu99;
				GCC_DYNAMIC_NO_PIC = NO;
				GCC_OPTIMIZATION_LEVEL = 0;
				GCC_PREPROCESSOR_DEFINITIONS = (
					"DEBUG=1",
					"$(inherited)",
				);
				GCC_SYMBOLS_PRIVATE_EXTERN = NO;
				GCC_WARN_64_TO_32_BIT_CONVERSION = YES;
				GCC_WARN_ABOUT_RETURN_TYPE = YES_ERROR;
				GCC_WARN_UNDECLARED_SELECTOR = YES;
				GCC_WARN_UNINITIALIZED_AUTOS = YES_AGGRESSIVE;
				GCC_WARN_UNUSED_FUNCTION = YES;
				GCC_WARN_UNUSED_VARIABLE = YES;
				IPHONEOS_DEPLOYMENT_TARGET = 8.1;
				MACH_O_TYPE = mh_dylib;
				MTL_ENABLE_DEBUG_INFO = YES;
				ONLY_ACTIVE_ARCH = YES;
				SDKROOT = iphoneos;
				SWIFT_OPTIMIZATION_LEVEL = "-Onone";
				TARGETED_DEVICE_FAMILY = "1,2";
				VERSIONING_SYSTEM = "apple-generic";
				VERSION_INFO_PREFIX = "";
			};
			name = Debug;
		};
		CAAA6B221A6DFE0C00E6C5A8 /* Release */ = {
			isa = XCBuildConfiguration;
			buildSettings = {
				ALWAYS_SEARCH_USER_PATHS = NO;
				CLANG_CXX_LANGUAGE_STANDARD = "gnu++0x";
				CLANG_CXX_LIBRARY = "libc++";
				CLANG_ENABLE_MODULES = YES;
				CLANG_ENABLE_OBJC_ARC = YES;
				CLANG_WARN_BOOL_CONVERSION = YES;
				CLANG_WARN_CONSTANT_CONVERSION = YES;
				CLANG_WARN_DIRECT_OBJC_ISA_USAGE = YES_ERROR;
				CLANG_WARN_EMPTY_BODY = YES;
				CLANG_WARN_ENUM_CONVERSION = YES;
				CLANG_WARN_INT_CONVERSION = YES;
				CLANG_WARN_OBJC_ROOT_CLASS = YES_ERROR;
				CLANG_WARN_UNREACHABLE_CODE = YES;
				CLANG_WARN__DUPLICATE_METHOD_MATCH = YES;
				"CODE_SIGN_IDENTITY[sdk=iphoneos*]" = "iPhone Developer";
				COPY_PHASE_STRIP = YES;
				CURRENT_PROJECT_VERSION = 1;
				DEFINES_MODULE = YES;
				ENABLE_NS_ASSERTIONS = NO;
				ENABLE_STRICT_OBJC_MSGSEND = YES;
				GCC_C_LANGUAGE_STANDARD = gnu99;
				GCC_WARN_64_TO_32_BIT_CONVERSION = YES;
				GCC_WARN_ABOUT_RETURN_TYPE = YES_ERROR;
				GCC_WARN_UNDECLARED_SELECTOR = YES;
				GCC_WARN_UNINITIALIZED_AUTOS = YES_AGGRESSIVE;
				GCC_WARN_UNUSED_FUNCTION = YES;
				GCC_WARN_UNUSED_VARIABLE = YES;
				IPHONEOS_DEPLOYMENT_TARGET = 8.1;
				MACH_O_TYPE = mh_dylib;
				MTL_ENABLE_DEBUG_INFO = NO;
				SDKROOT = iphoneos;
				TARGETED_DEVICE_FAMILY = "1,2";
				VALIDATE_PRODUCT = YES;
				VERSIONING_SYSTEM = "apple-generic";
				VERSION_INFO_PREFIX = "";
			};
			name = Release;
		};
		CAAA6B241A6DFE0C00E6C5A8 /* Debug */ = {
			isa = XCBuildConfiguration;
			buildSettings = {
				DYLIB_COMPATIBILITY_VERSION = 1;
				DYLIB_CURRENT_VERSION = 1;
				DYLIB_INSTALL_NAME_BASE = "@rpath";
				INFOPLIST_FILE = Numeric/Info.plist;
				INSTALL_PATH = "$(LOCAL_LIBRARY_DIR)/Frameworks";
				LD_RUNPATH_SEARCH_PATHS = "$(inherited) @executable_path/Frameworks @loader_path/Frameworks";
				PRODUCT_NAME = "$(TARGET_NAME)";
				SKIP_INSTALL = YES;
				SWIFT_OPTIMIZATION_LEVEL = "-Onone";
			};
			name = Debug;
		};
		CAAA6B251A6DFE0C00E6C5A8 /* Release */ = {
			isa = XCBuildConfiguration;
			buildSettings = {
				DYLIB_COMPATIBILITY_VERSION = 1;
				DYLIB_CURRENT_VERSION = 1;
				DYLIB_INSTALL_NAME_BASE = "@rpath";
				INFOPLIST_FILE = Numeric/Info.plist;
				INSTALL_PATH = "$(LOCAL_LIBRARY_DIR)/Frameworks";
				LD_RUNPATH_SEARCH_PATHS = "$(inherited) @executable_path/Frameworks @loader_path/Frameworks";
				PRODUCT_NAME = "$(TARGET_NAME)";
				SKIP_INSTALL = YES;
			};
			name = Release;
		};
		CAAA6B271A6DFE0C00E6C5A8 /* Debug */ = {
			isa = XCBuildConfiguration;
			buildSettings = {
				FRAMEWORK_SEARCH_PATHS = (
					"$(SDKROOT)/Developer/Library/Frameworks",
					"$(inherited)",
				);
				GCC_PREPROCESSOR_DEFINITIONS = (
					"DEBUG=1",
					"$(inherited)",
				);
				INFOPLIST_FILE = NumericTests/Info.plist;
				LD_RUNPATH_SEARCH_PATHS = "$(inherited) @executable_path/Frameworks @loader_path/Frameworks";
				PRODUCT_NAME = "$(TARGET_NAME)";
			};
			name = Debug;
		};
		CAAA6B281A6DFE0C00E6C5A8 /* Release */ = {
			isa = XCBuildConfiguration;
			buildSettings = {
				FRAMEWORK_SEARCH_PATHS = (
					"$(SDKROOT)/Developer/Library/Frameworks",
					"$(inherited)",
				);
				INFOPLIST_FILE = NumericTests/Info.plist;
				LD_RUNPATH_SEARCH_PATHS = "$(inherited) @executable_path/Frameworks @loader_path/Frameworks";
				PRODUCT_NAME = "$(TARGET_NAME)";
			};
			name = Release;
		};
/* End XCBuildConfiguration section */

/* Begin XCConfigurationList section */
		CAAA6B071A6DFE0C00E6C5A8 /* Build configuration list for PBXProject "Numeric" */ = {
			isa = XCConfigurationList;
			buildConfigurations = (
				CAAA6B211A6DFE0C00E6C5A8 /* Debug */,
				CAAA6B221A6DFE0C00E6C5A8 /* Release */,
			);
			defaultConfigurationIsVisible = 0;
			defaultConfigurationName = Release;
		};
		CAAA6B231A6DFE0C00E6C5A8 /* Build configuration list for PBXNativeTarget "Numeric" */ = {
			isa = XCConfigurationList;
			buildConfigurations = (
				CAAA6B241A6DFE0C00E6C5A8 /* Debug */,
				CAAA6B251A6DFE0C00E6C5A8 /* Release */,
			);
			defaultConfigurationIsVisible = 0;
		};
		CAAA6B261A6DFE0C00E6C5A8 /* Build configuration list for PBXNativeTarget "NumericTests" */ = {
			isa = XCConfigurationList;
			buildConfigurations = (
				CAAA6B271A6DFE0C00E6C5A8 /* Debug */,
				CAAA6B281A6DFE0C00E6C5A8 /* Release */,
			);
			defaultConfigurationIsVisible = 0;
		};
/* End XCConfigurationList section */
	};
	rootObject = CAAA6B041A6DFE0C00E6C5A8 /* Project object */;
}
